
Microsoft Visual Studio Solution File, Format Version 12.00
# Visual Studio Version 16
VisualStudioVersion = 16.0.31129.286
MinimumVisualStudioVersion = 10.0.40219.1
Project("{9A19103F-16F7-4668-BE54-9A1E7A4F7556}") = "WebAPINetCore", "WebAPINetCore\WebAPINetCore.csproj", "{8772B7BE-FE6B-4B82-BC36-7167C6B94D78}"
EndProject
Project("{FAE04EC0-301F-11D3-BF4B-00C04F79EFBC}") = "BookStore.Data", "BookStore.Data\BookStore.Data.csproj", "{B6EB6584-EA6F-47E7-966E-57E60EA9131B}"
EndProject
Project("{FAE04EC0-301F-11D3-BF4B-00C04F79EFBC}") = "WebApps", "WebApps\WebApps.csproj", "{82800238-E277-4F00-9708-5CE47881ED76}"
EndProject
Global
	GlobalSection(SolutionConfigurationPlatforms) = preSolution
		Debug|Any CPU = Debug|Any CPU
		Release|Any CPU = Release|Any CPU
	EndGlobalSection
	GlobalSection(ProjectConfigurationPlatforms) = postSolution
		{8772B7BE-FE6B-4B82-BC36-7167C6B94D78}.Debug|Any CPU.ActiveCfg = Debug|Any CPU
		{8772B7BE-FE6B-4B82-BC36-7167C6B94D78}.Debug|Any CPU.Build.0 = Debug|Any CPU
		{8772B7BE-FE6B-4B82-BC36-7167C6B94D78}.Release|Any CPU.ActiveCfg = Release|Any CPU
		{8772B7BE-FE6B-4B82-BC36-7167C6B94D78}.Release|Any CPU.Build.0 = Release|Any CPU
		{B6EB6584-EA6F-47E7-966E-57E60EA9131B}.Debug|Any CPU.ActiveCfg = Debug|Any CPU
		{B6EB6584-EA6F-47E7-966E-57E60EA9131B}.Debug|Any CPU.Build.0 = Debug|Any CPU
		{B6EB6584-EA6F-47E7-966E-57E60EA9131B}.Release|Any CPU.ActiveCfg = Release|Any CPU
		{B6EB6584-EA6F-47E7-966E-57E60EA9131B}.Release|Any CPU.Build.0 = Release|Any CPU
		{82800238-E277-4F00-9708-5CE47881ED76}.Debug|Any CPU.ActiveCfg = Debug|Any CPU
		{82800238-E277-4F00-9708-5CE47881ED76}.Debug|Any CPU.Build.0 = Debug|Any CPU
		{82800238-E277-4F00-9708-5CE47881ED76}.Release|Any CPU.ActiveCfg = Release|Any CPU
		{82800238-E277-4F00-9708-5CE47881ED76}.Release|Any CPU.Build.0 = Release|Any CPU
	EndGlobalSection
	GlobalSection(SolutionProperties) = preSolution
		HideSolutionNode = FALSE
	EndGlobalSection
	GlobalSection(ExtensibilityGlobals) = postSolution
		SolutionGuid = {D2922467-C11D-4CC2-BDE2-351D0E6E609F}
	EndGlobalSection
EndGlobal
